
Microsoft Visual Studio Solution File, Format Version 12.00
# Visual Studio Version 16
VisualStudioVersion = 16.0.28803.352
MinimumVisualStudioVersion = 10.0.40219.1
Project("{FAE04EC0-301F-11D3-BF4B-00C04F79EFBC}") = "TimeManager", "TimeManager\TimeManager.csproj", "{C3E3C70C-727F-4792-B871-D63A16382EAA}"
EndProject
Global
	GlobalSection(SolutionConfigurationPlatforms) = preSolution
		Debug|Any CPU = Debug|Any CPU
		Release|Any CPU = Release|Any CPU
	EndGlobalSection
	GlobalSection(ProjectConfigurationPlatforms) = postSolution
		{C3E3C70C-727F-4792-B871-D63A16382EAA}.Debug|Any CPU.ActiveCfg = Debug|Any CPU
		{C3E3C70C-727F-4792-B871-D63A16382EAA}.Debug|Any CPU.Build.0 = Debug|Any CPU
		{C3E3C70C-727F-4792-B871-D63A16382EAA}.Release|Any CPU.ActiveCfg = Release|Any CPU
		{C3E3C70C-727F-4792-B871-D63A16382EAA}.Release|Any CPU.Build.0 = Release|Any CPU
	EndGlobalSection
	GlobalSection(SolutionProperties) = preSolution
		HideSolutionNode = FALSE
	EndGlobalSection
	GlobalSection(ExtensibilityGlobals) = postSolution
		SolutionGuid = {CFCD3013-30C4-4CE1-A47E-BC5A1E031546}
	EndGlobalSection
EndGlobal
